
Microsoft Visual Studio Solution File, Format Version 12.00
# Visual Studio 15
VisualStudioVersion = 15.0.28010.2019
MinimumVisualStudioVersion = 10.0.40219.1
Project("{FAE04EC0-301F-11D3-BF4B-00C04F79EFBC}") = "JuniorSkillsFastChallenge", "JuniorSkillsFastChallenge\JuniorSkillsFastChallenge.csproj", "{5611774A-F434-4286-9F1F-6954C6D96706}"
EndProject
Global
	GlobalSection(SolutionConfigurationPlatforms) = preSolution
		Debug|Any CPU = Debug|Any CPU
		Release|Any CPU = Release|Any CPU
	EndGlobalSection
	GlobalSection(ProjectConfigurationPlatforms) = postSolution
		{5611774A-F434-4286-9F1F-6954C6D96706}.Debug|Any CPU.ActiveCfg = Debug|Any CPU
		{5611774A-F434-4286-9F1F-6954C6D96706}.Debug|Any CPU.Build.0 = Debug|Any CPU
		{5611774A-F434-4286-9F1F-6954C6D96706}.Release|Any CPU.ActiveCfg = Release|Any CPU
		{5611774A-F434-4286-9F1F-6954C6D96706}.Release|Any CPU.Build.0 = Release|Any CPU
	EndGlobalSection
	GlobalSection(SolutionProperties) = preSolution
		HideSolutionNode = FALSE
	EndGlobalSection
	GlobalSection(ExtensibilityGlobals) = postSolution
		SolutionGuid = {CB1BA430-287F-4F7F-A515-3F92EC44A912}
	EndGlobalSection
EndGlobal
